
Microsoft Visual Studio Solution File, Format Version 12.00
# Visual Studio 15
VisualStudioVersion = 15.0.28010.2050
MinimumVisualStudioVersion = 10.0.40219.1
Project("{FAE04EC0-301F-11D3-BF4B-00C04F79EFBC}") = "HotKey", "HotKey\HotKey.csproj", "{D9109A14-56E9-44F0-B7C0-F0D4CB29CF24}"
EndProject
Project("{FAE04EC0-301F-11D3-BF4B-00C04F79EFBC}") = "musicPlayClass", "musicPlayClass\musicPlayClass.csproj", "{A198D225-5631-4C48-9E2F-EA6BE1F3AB1F}"
EndProject
Project("{FAE04EC0-301F-11D3-BF4B-00C04F79EFBC}") = "SaveAndLoad", "SaveAndLoad\SaveAndLoad.csproj", "{8DFE81C8-3014-48AE-BB74-482F9B915986}"
EndProject
Project("{FAE04EC0-301F-11D3-BF4B-00C04F79EFBC}") = "OpenExeWeb", "OpenExeWeb\OpenExeWeb.csproj", "{49057E61-A4BE-442B-8E4A-172AF5DA3FFE}"
EndProject
Global
	GlobalSection(SolutionConfigurationPlatforms) = preSolution
		Debug|Any CPU = Debug|Any CPU
		Release|Any CPU = Release|Any CPU
	EndGlobalSection
	GlobalSection(ProjectConfigurationPlatforms) = postSolution
		{D9109A14-56E9-44F0-B7C0-F0D4CB29CF24}.Debug|Any CPU.ActiveCfg = Debug|Any CPU
		{D9109A14-56E9-44F0-B7C0-F0D4CB29CF24}.Debug|Any CPU.Build.0 = Debug|Any CPU
		{D9109A14-56E9-44F0-B7C0-F0D4CB29CF24}.Release|Any CPU.ActiveCfg = Release|Any CPU
		{D9109A14-56E9-44F0-B7C0-F0D4CB29CF24}.Release|Any CPU.Build.0 = Release|Any CPU
		{A198D225-5631-4C48-9E2F-EA6BE1F3AB1F}.Debug|Any CPU.ActiveCfg = Debug|Any CPU
		{A198D225-5631-4C48-9E2F-EA6BE1F3AB1F}.Debug|Any CPU.Build.0 = Debug|Any CPU
		{A198D225-5631-4C48-9E2F-EA6BE1F3AB1F}.Release|Any CPU.ActiveCfg = Release|Any CPU
		{A198D225-5631-4C48-9E2F-EA6BE1F3AB1F}.Release|Any CPU.Build.0 = Release|Any CPU
		{8DFE81C8-3014-48AE-BB74-482F9B915986}.Debug|Any CPU.ActiveCfg = Debug|Any CPU
		{8DFE81C8-3014-48AE-BB74-482F9B915986}.Debug|Any CPU.Build.0 = Debug|Any CPU
		{8DFE81C8-3014-48AE-BB74-482F9B915986}.Release|Any CPU.ActiveCfg = Release|Any CPU
		{8DFE81C8-3014-48AE-BB74-482F9B915986}.Release|Any CPU.Build.0 = Release|Any CPU
		{49057E61-A4BE-442B-8E4A-172AF5DA3FFE}.Debug|Any CPU.ActiveCfg = Debug|Any CPU
		{49057E61-A4BE-442B-8E4A-172AF5DA3FFE}.Debug|Any CPU.Build.0 = Debug|Any CPU
		{49057E61-A4BE-442B-8E4A-172AF5DA3FFE}.Release|Any CPU.ActiveCfg = Release|Any CPU
		{49057E61-A4BE-442B-8E4A-172AF5DA3FFE}.Release|Any CPU.Build.0 = Release|Any CPU
	EndGlobalSection
	GlobalSection(SolutionProperties) = preSolution
		HideSolutionNode = FALSE
	EndGlobalSection
	GlobalSection(ExtensibilityGlobals) = postSolution
		SolutionGuid = {D4D4AD92-9C6C-417F-8688-4735AE8E0A7B}
	EndGlobalSection
EndGlobal
